<?xml version="1.0" encoding="utf-8"?>
<Project ToolsVersion="4.0" xmlns="http://schemas.microsoft.com/developer/msbuild/2003">
  <ItemGroup>
    <Filter Include="Source Files">
      <UniqueIdentifier>{4FC737F1-C7A5-4376-A066-2A32D752A2FF}</UniqueIdentifier>
      <Extensions>qml;cpp;c;cc;cxx;def;odl;idl;hpj;bat;asm;asmx</Extensions>
    </Filter>
    <Filter Include="Header Files">
      <UniqueIdentifier>{93995380-89BD-4b04-88EB-625FBE52EBFB}</UniqueIdentifier>
      <Extensions>h;hh;hpp;hxx;hm;inl;inc;xsd</Extensions>
    </Filter>
    <Filter Include="Resource Files">
      <UniqueIdentifier>{67DA6AB6-F800-4c08-8B7A-83BB121AAD01}</UniqueIdentifier>
      <Extensions>qrc;rc;ico;cur;bmp;dlg;rc2;rct;bin;rgs;gif;jpg;jpeg;jpe;resx;tiff;tif;png;wav;mfcribbon-ms</Extensions>
    </Filter>
    <Filter Include="Form Files">
      <UniqueIdentifier>{99349809-55BA-4b9d-BF79-8FDBB0286EB3}</UniqueIdentifier>
      <Extensions>ui</Extensions>
    </Filter>
    <Filter Include="Translation Files">
      <UniqueIdentifier>{639EADAA-A684-42e4-A9AD-28FC9BCB8F7C}</UniqueIdentifier>
      <Extensions>ts</Extensions>
    </Filter>
    <Filter Include="Plugins">
      <UniqueIdentifier>{f3f5b9dd-67d1-43b4-a07c-1568571269e2}</UniqueIdentifier>
    </Filter>
    <Filter Include="Plugins\QHotkey">
      <UniqueIdentifier>{68346c4d-6090-459a-8e92-da00b8190268}</UniqueIdentifier>
    </Filter>
  </ItemGroup>
  <ItemGroup>
    <QtRcc Include="MouseTrapper.qrc">
      <Filter>Resource Files</Filter>
    </QtRcc>
    <QtUic Include="MouseTrapper.ui">
      <Filter>Form Files</Filter>
    </QtUic>
    <QtMoc Include="MouseTrapper.h">
      <Filter>Header Files</Filter>
    </QtMoc>
    <ClCompile Include="MouseTrapper.cpp">
      <Filter>Source Files</Filter>
    </ClCompile>
  </ItemGroup>
  <ItemGroup>
    <ClCompile Include="main.cpp">
      <Filter>Source Files</Filter>
    </ClCompile>
    <ClCompile Include="Plugins\QHotkey\qhotkey.cpp">
      <Filter>Plugins\QHotkey</Filter>
    </ClCompile>
    <ClCompile Include="Plugins\QHotkey\qhotkey_win.cpp">
      <Filter>Plugins\QHotkey</Filter>
    </ClCompile>
  </ItemGroup>
  <ItemGroup>
    <QtMoc Include="Plugins\QHotkey\qhotkey.h">
      <Filter>Plugins\QHotkey</Filter>
    </QtMoc>
    <QtMoc Include="Plugins\QHotkey\qhotkey_p.h">
      <Filter>Plugins\QHotkey</Filter>
    </QtMoc>
  </ItemGroup>
  <ItemGroup>
    <ClInclude Include="resource.h">
      <Filter>Header Files</Filter>
    </ClInclude>
  </ItemGroup>
  <ItemGroup>
    <ResourceCompile Include="MouseTrapper.rc">
      <Filter>Resource Files</Filter>
    </ResourceCompile>
  </ItemGroup>
  <ItemGroup>
    <Image Include="icon.ico">
      <Filter>Resource Files</Filter>
    </Image>
  </ItemGroup>
</Project>